
Microsoft Visual Studio Solution File, Format Version 12.00
# Visual Studio Version 17
VisualStudioVersion = 17.14.36623.8
MinimumVisualStudioVersion = 10.0.40219.1
Project("{FAE04EC0-301F-11D3-BF4B-00C04F79EFBC}") = "wave.web", "wave.web\wave.web.csproj", "{DE2D61BD-6171-4E7D-ED54-92C1D83931C7}"
EndProject
Project("{FAE04EC0-301F-11D3-BF4B-00C04F79EFBC}") = "wave.web.Tests", "wave.web.Tests\wave.web.Tests.csproj", "{86EE219D-1E26-41F8-B0F7-3AB7F0F24482}"
EndProject
Global
	GlobalSection(SolutionConfigurationPlatforms) = preSolution
		Debug|Any CPU = Debug|Any CPU
		Debug|x64 = Debug|x64
		Debug|x86 = Debug|x86
		Release|Any CPU = Release|Any CPU
		Release|x64 = Release|x64
		Release|x86 = Release|x86
	EndGlobalSection
	GlobalSection(ProjectConfigurationPlatforms) = postSolution
		{DE2D61BD-6171-4E7D-ED54-92C1D83931C7}.Debug|Any CPU.ActiveCfg = Debug|Any CPU
		{DE2D61BD-6171-4E7D-ED54-92C1D83931C7}.Debug|Any CPU.Build.0 = Debug|Any CPU
		{DE2D61BD-6171-4E7D-ED54-92C1D83931C7}.Debug|x64.ActiveCfg = Debug|Any CPU
		{DE2D61BD-6171-4E7D-ED54-92C1D83931C7}.Debug|x64.Build.0 = Debug|Any CPU
		{DE2D61BD-6171-4E7D-ED54-92C1D83931C7}.Debug|x86.ActiveCfg = Debug|Any CPU
		{DE2D61BD-6171-4E7D-ED54-92C1D83931C7}.Debug|x86.Build.0 = Debug|Any CPU
		{DE2D61BD-6171-4E7D-ED54-92C1D83931C7}.Release|Any CPU.ActiveCfg = Release|Any CPU
		{DE2D61BD-6171-4E7D-ED54-92C1D83931C7}.Release|Any CPU.Build.0 = Release|Any CPU
		{DE2D61BD-6171-4E7D-ED54-92C1D83931C7}.Release|x64.ActiveCfg = Release|Any CPU
		{DE2D61BD-6171-4E7D-ED54-92C1D83931C7}.Release|x64.Build.0 = Release|Any CPU
		{DE2D61BD-6171-4E7D-ED54-92C1D83931C7}.Release|x86.ActiveCfg = Release|Any CPU
		{DE2D61BD-6171-4E7D-ED54-92C1D83931C7}.Release|x86.Build.0 = Release|Any CPU
		{86EE219D-1E26-41F8-B0F7-3AB7F0F24482}.Debug|Any CPU.ActiveCfg = Debug|Any CPU
		{86EE219D-1E26-41F8-B0F7-3AB7F0F24482}.Debug|Any CPU.Build.0 = Debug|Any CPU
		{86EE219D-1E26-41F8-B0F7-3AB7F0F24482}.Debug|x64.ActiveCfg = Debug|Any CPU
		{86EE219D-1E26-41F8-B0F7-3AB7F0F24482}.Debug|x64.Build.0 = Debug|Any CPU
		{86EE219D-1E26-41F8-B0F7-3AB7F0F24482}.Debug|x86.ActiveCfg = Debug|Any CPU
		{86EE219D-1E26-41F8-B0F7-3AB7F0F24482}.Debug|x86.Build.0 = Debug|Any CPU
		{86EE219D-1E26-41F8-B0F7-3AB7F0F24482}.Release|Any CPU.ActiveCfg = Release|Any CPU
		{86EE219D-1E26-41F8-B0F7-3AB7F0F24482}.Release|Any CPU.Build.0 = Release|Any CPU
		{86EE219D-1E26-41F8-B0F7-3AB7F0F24482}.Release|x64.ActiveCfg = Release|Any CPU
		{86EE219D-1E26-41F8-B0F7-3AB7F0F24482}.Release|x64.Build.0 = Release|Any CPU
		{86EE219D-1E26-41F8-B0F7-3AB7F0F24482}.Release|x86.ActiveCfg = Release|Any CPU
		{86EE219D-1E26-41F8-B0F7-3AB7F0F24482}.Release|x86.Build.0 = Release|Any CPU
	EndGlobalSection
	GlobalSection(SolutionProperties) = preSolution
		HideSolutionNode = FALSE
	EndGlobalSection
	GlobalSection(ExtensibilityGlobals) = postSolution
		SolutionGuid = {5AEB3999-B10D-4BCB-BAA7-BCD4687F43C2}
	EndGlobalSection
EndGlobal
